
Microsoft Visual Studio Solution File, Format Version 12.00
# Visual Studio 15
VisualStudioVersion = 15.0.28010.2046
MinimumVisualStudioVersion = 10.0.40219.1
Project("{FAE04EC0-301F-11D3-BF4B-00C04F79EFBC}") = "UpdateDecoyFiles", "UpdateDecoyFiles\UpdateDecoyFiles.csproj", "{6C440183-125B-4D95-BF11-A470931FCB7A}"
EndProject
Global
	GlobalSection(SolutionConfigurationPlatforms) = preSolution
		Debug|Any CPU = Debug|Any CPU
		Release|Any CPU = Release|Any CPU
	EndGlobalSection
	GlobalSection(ProjectConfigurationPlatforms) = postSolution
		{6C440183-125B-4D95-BF11-A470931FCB7A}.Debug|Any CPU.ActiveCfg = Debug|Any CPU
		{6C440183-125B-4D95-BF11-A470931FCB7A}.Debug|Any CPU.Build.0 = Debug|Any CPU
		{6C440183-125B-4D95-BF11-A470931FCB7A}.Release|Any CPU.ActiveCfg = Release|Any CPU
		{6C440183-125B-4D95-BF11-A470931FCB7A}.Release|Any CPU.Build.0 = Release|Any CPU
	EndGlobalSection
	GlobalSection(SolutionProperties) = preSolution
		HideSolutionNode = FALSE
	EndGlobalSection
	GlobalSection(ExtensibilityGlobals) = postSolution
		SolutionGuid = {32418211-4DCB-4360-B98E-AADF53E9AFDF}
	EndGlobalSection
EndGlobal
